
Microsoft Visual Studio Solution File, Format Version 12.00
# Visual Studio Version 17
VisualStudioVersion = 17.0.32014.148
MinimumVisualStudioVersion = 10.0.40219.1
Project("{FAE04EC0-301F-11D3-BF4B-00C04F79EFBC}") = "FunCart", "FunCart\FunCart.csproj", "{00673B25-62E3-48E6-8FE8-E5A86B9E41C4}"
EndProject
Project("{FAE04EC0-301F-11D3-BF4B-00C04F79EFBC}") = "DataLayer", "DataLayer\DataLayer.csproj", "{B9E6268C-D759-4D7B-86E6-728FD0CF23BF}"
EndProject
Project("{FAE04EC0-301F-11D3-BF4B-00C04F79EFBC}") = "BusinessLogicLayer", "BusinessLogicLayer\BusinessLogicLayer.csproj", "{ED462D3F-4559-4E98-BE6C-48B4E72717CB}"
EndProject
Global
	GlobalSection(SolutionConfigurationPlatforms) = preSolution
		Debug|Any CPU = Debug|Any CPU
		Release|Any CPU = Release|Any CPU
	EndGlobalSection
	GlobalSection(ProjectConfigurationPlatforms) = postSolution
		{00673B25-62E3-48E6-8FE8-E5A86B9E41C4}.Debug|Any CPU.ActiveCfg = Debug|Any CPU
		{00673B25-62E3-48E6-8FE8-E5A86B9E41C4}.Debug|Any CPU.Build.0 = Debug|Any CPU
		{00673B25-62E3-48E6-8FE8-E5A86B9E41C4}.Release|Any CPU.ActiveCfg = Release|Any CPU
		{00673B25-62E3-48E6-8FE8-E5A86B9E41C4}.Release|Any CPU.Build.0 = Release|Any CPU
		{B9E6268C-D759-4D7B-86E6-728FD0CF23BF}.Debug|Any CPU.ActiveCfg = Debug|Any CPU
		{B9E6268C-D759-4D7B-86E6-728FD0CF23BF}.Debug|Any CPU.Build.0 = Debug|Any CPU
		{B9E6268C-D759-4D7B-86E6-728FD0CF23BF}.Release|Any CPU.ActiveCfg = Release|Any CPU
		{B9E6268C-D759-4D7B-86E6-728FD0CF23BF}.Release|Any CPU.Build.0 = Release|Any CPU
		{ED462D3F-4559-4E98-BE6C-48B4E72717CB}.Debug|Any CPU.ActiveCfg = Debug|Any CPU
		{ED462D3F-4559-4E98-BE6C-48B4E72717CB}.Debug|Any CPU.Build.0 = Debug|Any CPU
		{ED462D3F-4559-4E98-BE6C-48B4E72717CB}.Release|Any CPU.ActiveCfg = Release|Any CPU
		{ED462D3F-4559-4E98-BE6C-48B4E72717CB}.Release|Any CPU.Build.0 = Release|Any CPU
	EndGlobalSection
	GlobalSection(SolutionProperties) = preSolution
		HideSolutionNode = FALSE
	EndGlobalSection
	GlobalSection(ExtensibilityGlobals) = postSolution
		SolutionGuid = {84D53430-70F9-4DA2-9274-91D243EE8035}
	EndGlobalSection
EndGlobal
